
Microsoft Visual Studio Solution File, Format Version 12.00
# Visual Studio Version 17
VisualStudioVersion = 17.3.32825.248
MinimumVisualStudioVersion = 10.0.40219.1
Project("{FAE04EC0-301F-11D3-BF4B-00C04F79EFBC}") = "Server-WCF", "Server-WCF.csproj", "{42E61F55-B921-4166-A471-1FD921C2CB75}"
EndProject
Project("{FAE04EC0-301F-11D3-BF4B-00C04F79EFBC}") = "Host-WCF", "..\Host-WCF\Host-WCF.csproj", "{D52263DF-83D8-4CD0-AD29-A3B6C4F763C2}"
EndProject
Project("{FAE04EC0-301F-11D3-BF4B-00C04F79EFBC}") = "Client-WPF", "..\Client-WPF\Client-WPF.csproj", "{A9BC67DA-0F55-4ED6-9688-BD004DFC2F3A}"
EndProject
Global
	GlobalSection(SolutionConfigurationPlatforms) = preSolution
		Debug|Any CPU = Debug|Any CPU
		Release|Any CPU = Release|Any CPU
	EndGlobalSection
	GlobalSection(ProjectConfigurationPlatforms) = postSolution
		{42E61F55-B921-4166-A471-1FD921C2CB75}.Debug|Any CPU.ActiveCfg = Debug|Any CPU
		{42E61F55-B921-4166-A471-1FD921C2CB75}.Debug|Any CPU.Build.0 = Debug|Any CPU
		{42E61F55-B921-4166-A471-1FD921C2CB75}.Release|Any CPU.ActiveCfg = Release|Any CPU
		{42E61F55-B921-4166-A471-1FD921C2CB75}.Release|Any CPU.Build.0 = Release|Any CPU
		{D52263DF-83D8-4CD0-AD29-A3B6C4F763C2}.Debug|Any CPU.ActiveCfg = Debug|Any CPU
		{D52263DF-83D8-4CD0-AD29-A3B6C4F763C2}.Debug|Any CPU.Build.0 = Debug|Any CPU
		{D52263DF-83D8-4CD0-AD29-A3B6C4F763C2}.Release|Any CPU.ActiveCfg = Release|Any CPU
		{D52263DF-83D8-4CD0-AD29-A3B6C4F763C2}.Release|Any CPU.Build.0 = Release|Any CPU
		{A9BC67DA-0F55-4ED6-9688-BD004DFC2F3A}.Debug|Any CPU.ActiveCfg = Debug|Any CPU
		{A9BC67DA-0F55-4ED6-9688-BD004DFC2F3A}.Debug|Any CPU.Build.0 = Debug|Any CPU
		{A9BC67DA-0F55-4ED6-9688-BD004DFC2F3A}.Release|Any CPU.ActiveCfg = Release|Any CPU
		{A9BC67DA-0F55-4ED6-9688-BD004DFC2F3A}.Release|Any CPU.Build.0 = Release|Any CPU
	EndGlobalSection
	GlobalSection(SolutionProperties) = preSolution
		HideSolutionNode = FALSE
	EndGlobalSection
	GlobalSection(ExtensibilityGlobals) = postSolution
		SolutionGuid = {E7DBE91F-9A12-4ED9-A9C4-6E078407B5E6}
	EndGlobalSection
EndGlobal
